
Microsoft Visual Studio Solution File, Format Version 12.00
# Visual Studio Version 17
VisualStudioVersion = 17.0.31903.59
MinimumVisualStudioVersion = 10.0.40219.1
Project("{2150E333-8FDC-42A3-9474-1A3956D46DE8}") = "src", "src", "{827E0CD3-B72D-47B6-A68D-7590B98EB39B}"
EndProject
Project("{FAE04EC0-301F-11D3-BF4B-00C04F79EFBC}") = "PebbleX.Core", "src\PebbleX.Core\PebbleX.Core.csproj", "{146B59CE-59E7-4A18-B46A-2A26C88D397D}"
EndProject
Project("{FAE04EC0-301F-11D3-BF4B-00C04F79EFBC}") = "PebbleX.Windows", "src\PebbleX.Windows\PebbleX.Windows.csproj", "{9819F5EA-8B15-4B4A-A239-DA0408BE797E}"
EndProject
Project("{FAE04EC0-301F-11D3-BF4B-00C04F79EFBC}") = "PebbleX.Cli", "src\PebbleX.Cli\PebbleX.Cli.csproj", "{8E49F3F7-8332-4884-8A11-9714946C4F9E}"
EndProject
Project("{2150E333-8FDC-42A3-9474-1A3956D46DE8}") = "tests", "tests", "{0AB3BF05-4346-4AA6-1389-037BE0695223}"
EndProject
Project("{FAE04EC0-301F-11D3-BF4B-00C04F79EFBC}") = "PebbleX.Core.Tests", "tests\PebbleX.Core.Tests\PebbleX.Core.Tests.csproj", "{2084DD75-D008-4DAC-912A-300EB0A8C146}"
EndProject
Project("{FAE04EC0-301F-11D3-BF4B-00C04F79EFBC}") = "PebbleX.Windows.Tests", "tests\PebbleX.Windows.Tests\PebbleX.Windows.Tests.csproj", "{1632A7D3-876D-4934-848B-73B9DE95B037}"
EndProject
Project("{FAE04EC0-301F-11D3-BF4B-00C04F79EFBC}") = "PebbleX.Desktop", "src\PebbleX.Desktop\PebbleX.Desktop.csproj", "{D1E078F4-4C75-41D4-A95A-163CBE6E6DE8}"
EndProject
Global
	GlobalSection(SolutionConfigurationPlatforms) = preSolution
		Debug|Any CPU = Debug|Any CPU
		Debug|x64 = Debug|x64
		Debug|x86 = Debug|x86
		Release|Any CPU = Release|Any CPU
		Release|x64 = Release|x64
		Release|x86 = Release|x86
	EndGlobalSection
	GlobalSection(ProjectConfigurationPlatforms) = postSolution
		{146B59CE-59E7-4A18-B46A-2A26C88D397D}.Debug|Any CPU.ActiveCfg = Debug|Any CPU
		{146B59CE-59E7-4A18-B46A-2A26C88D397D}.Debug|Any CPU.Build.0 = Debug|Any CPU
		{146B59CE-59E7-4A18-B46A-2A26C88D397D}.Debug|x64.ActiveCfg = Debug|Any CPU
		{146B59CE-59E7-4A18-B46A-2A26C88D397D}.Debug|x64.Build.0 = Debug|Any CPU
		{146B59CE-59E7-4A18-B46A-2A26C88D397D}.Debug|x86.ActiveCfg = Debug|Any CPU
		{146B59CE-59E7-4A18-B46A-2A26C88D397D}.Debug|x86.Build.0 = Debug|Any CPU
		{146B59CE-59E7-4A18-B46A-2A26C88D397D}.Release|Any CPU.ActiveCfg = Release|Any CPU
		{146B59CE-59E7-4A18-B46A-2A26C88D397D}.Release|Any CPU.Build.0 = Release|Any CPU
		{146B59CE-59E7-4A18-B46A-2A26C88D397D}.Release|x64.ActiveCfg = Release|Any CPU
		{146B59CE-59E7-4A18-B46A-2A26C88D397D}.Release|x64.Build.0 = Release|Any CPU
		{146B59CE-59E7-4A18-B46A-2A26C88D397D}.Release|x86.ActiveCfg = Release|Any CPU
		{146B59CE-59E7-4A18-B46A-2A26C88D397D}.Release|x86.Build.0 = Release|Any CPU
		{9819F5EA-8B15-4B4A-A239-DA0408BE797E}.Debug|Any CPU.ActiveCfg = Debug|Any CPU
		{9819F5EA-8B15-4B4A-A239-DA0408BE797E}.Debug|Any CPU.Build.0 = Debug|Any CPU
		{9819F5EA-8B15-4B4A-A239-DA0408BE797E}.Debug|x64.ActiveCfg = Debug|Any CPU
		{9819F5EA-8B15-4B4A-A239-DA0408BE797E}.Debug|x64.Build.0 = Debug|Any CPU
		{9819F5EA-8B15-4B4A-A239-DA0408BE797E}.Debug|x86.ActiveCfg = Debug|Any CPU
		{9819F5EA-8B15-4B4A-A239-DA0408BE797E}.Debug|x86.Build.0 = Debug|Any CPU
		{9819F5EA-8B15-4B4A-A239-DA0408BE797E}.Release|Any CPU.ActiveCfg = Release|Any CPU
		{9819F5EA-8B15-4B4A-A239-DA0408BE797E}.Release|Any CPU.Build.0 = Release|Any CPU
		{9819F5EA-8B15-4B4A-A239-DA0408BE797E}.Release|x64.ActiveCfg = Release|Any CPU
		{9819F5EA-8B15-4B4A-A239-DA0408BE797E}.Release|x64.Build.0 = Release|Any CPU
		{9819F5EA-8B15-4B4A-A239-DA0408BE797E}.Release|x86.ActiveCfg = Release|Any CPU
		{9819F5EA-8B15-4B4A-A239-DA0408BE797E}.Release|x86.Build.0 = Release|Any CPU
		{8E49F3F7-8332-4884-8A11-9714946C4F9E}.Debug|Any CPU.ActiveCfg = Debug|Any CPU
		{8E49F3F7-8332-4884-8A11-9714946C4F9E}.Debug|Any CPU.Build.0 = Debug|Any CPU
		{8E49F3F7-8332-4884-8A11-9714946C4F9E}.Debug|x64.ActiveCfg = Debug|Any CPU
		{8E49F3F7-8332-4884-8A11-9714946C4F9E}.Debug|x64.Build.0 = Debug|Any CPU
		{8E49F3F7-8332-4884-8A11-9714946C4F9E}.Debug|x86.ActiveCfg = Debug|Any CPU
		{8E49F3F7-8332-4884-8A11-9714946C4F9E}.Debug|x86.Build.0 = Debug|Any CPU
		{8E49F3F7-8332-4884-8A11-9714946C4F9E}.Release|Any CPU.ActiveCfg = Release|Any CPU
		{8E49F3F7-8332-4884-8A11-9714946C4F9E}.Release|Any CPU.Build.0 = Release|Any CPU
		{8E49F3F7-8332-4884-8A11-9714946C4F9E}.Release|x64.ActiveCfg = Release|Any CPU
		{8E49F3F7-8332-4884-8A11-9714946C4F9E}.Release|x64.Build.0 = Release|Any CPU
		{8E49F3F7-8332-4884-8A11-9714946C4F9E}.Release|x86.ActiveCfg = Release|Any CPU
		{8E49F3F7-8332-4884-8A11-9714946C4F9E}.Release|x86.Build.0 = Release|Any CPU
		{2084DD75-D008-4DAC-912A-300EB0A8C146}.Debug|Any CPU.ActiveCfg = Debug|Any CPU
		{2084DD75-D008-4DAC-912A-300EB0A8C146}.Debug|Any CPU.Build.0 = Debug|Any CPU
		{2084DD75-D008-4DAC-912A-300EB0A8C146}.Debug|x64.ActiveCfg = Debug|Any CPU
		{2084DD75-D008-4DAC-912A-300EB0A8C146}.Debug|x64.Build.0 = Debug|Any CPU
		{2084DD75-D008-4DAC-912A-300EB0A8C146}.Debug|x86.ActiveCfg = Debug|Any CPU
		{2084DD75-D008-4DAC-912A-300EB0A8C146}.Debug|x86.Build.0 = Debug|Any CPU
		{2084DD75-D008-4DAC-912A-300EB0A8C146}.Release|Any CPU.ActiveCfg = Release|Any CPU
		{2084DD75-D008-4DAC-912A-300EB0A8C146}.Release|Any CPU.Build.0 = Release|Any CPU
		{2084DD75-D008-4DAC-912A-300EB0A8C146}.Release|x64.ActiveCfg = Release|Any CPU
		{2084DD75-D008-4DAC-912A-300EB0A8C146}.Release|x64.Build.0 = Release|Any CPU
		{2084DD75-D008-4DAC-912A-300EB0A8C146}.Release|x86.ActiveCfg = Release|Any CPU
		{2084DD75-D008-4DAC-912A-300EB0A8C146}.Release|x86.Build.0 = Release|Any CPU
		{1632A7D3-876D-4934-848B-73B9DE95B037}.Debug|Any CPU.ActiveCfg = Debug|Any CPU
		{1632A7D3-876D-4934-848B-73B9DE95B037}.Debug|Any CPU.Build.0 = Debug|Any CPU
		{1632A7D3-876D-4934-848B-73B9DE95B037}.Debug|x64.ActiveCfg = Debug|Any CPU
		{1632A7D3-876D-4934-848B-73B9DE95B037}.Debug|x64.Build.0 = Debug|Any CPU
		{1632A7D3-876D-4934-848B-73B9DE95B037}.Debug|x86.ActiveCfg = Debug|Any CPU
		{1632A7D3-876D-4934-848B-73B9DE95B037}.Debug|x86.Build.0 = Debug|Any CPU
		{1632A7D3-876D-4934-848B-73B9DE95B037}.Release|Any CPU.ActiveCfg = Release|Any CPU
		{1632A7D3-876D-4934-848B-73B9DE95B037}.Release|Any CPU.Build.0 = Release|Any CPU
		{1632A7D3-876D-4934-848B-73B9DE95B037}.Release|x64.ActiveCfg = Release|Any CPU
		{1632A7D3-876D-4934-848B-73B9DE95B037}.Release|x64.Build.0 = Release|Any CPU
		{1632A7D3-876D-4934-848B-73B9DE95B037}.Release|x86.ActiveCfg = Release|Any CPU
		{1632A7D3-876D-4934-848B-73B9DE95B037}.Release|x86.Build.0 = Release|Any CPU
		{D1E078F4-4C75-41D4-A95A-163CBE6E6DE8}.Debug|Any CPU.ActiveCfg = Debug|Any CPU
		{D1E078F4-4C75-41D4-A95A-163CBE6E6DE8}.Debug|Any CPU.Build.0 = Debug|Any CPU
		{D1E078F4-4C75-41D4-A95A-163CBE6E6DE8}.Debug|x64.ActiveCfg = Debug|Any CPU
		{D1E078F4-4C75-41D4-A95A-163CBE6E6DE8}.Debug|x64.Build.0 = Debug|Any CPU
		{D1E078F4-4C75-41D4-A95A-163CBE6E6DE8}.Debug|x86.ActiveCfg = Debug|Any CPU
		{D1E078F4-4C75-41D4-A95A-163CBE6E6DE8}.Debug|x86.Build.0 = Debug|Any CPU
		{D1E078F4-4C75-41D4-A95A-163CBE6E6DE8}.Release|Any CPU.ActiveCfg = Release|Any CPU
		{D1E078F4-4C75-41D4-A95A-163CBE6E6DE8}.Release|Any CPU.Build.0 = Release|Any CPU
		{D1E078F4-4C75-41D4-A95A-163CBE6E6DE8}.Release|x64.ActiveCfg = Release|Any CPU
		{D1E078F4-4C75-41D4-A95A-163CBE6E6DE8}.Release|x64.Build.0 = Release|Any CPU
		{D1E078F4-4C75-41D4-A95A-163CBE6E6DE8}.Release|x86.ActiveCfg = Release|Any CPU
		{D1E078F4-4C75-41D4-A95A-163CBE6E6DE8}.Release|x86.Build.0 = Release|Any CPU
	EndGlobalSection
	GlobalSection(SolutionProperties) = preSolution
		HideSolutionNode = FALSE
	EndGlobalSection
	GlobalSection(NestedProjects) = preSolution
		{146B59CE-59E7-4A18-B46A-2A26C88D397D} = {827E0CD3-B72D-47B6-A68D-7590B98EB39B}
		{9819F5EA-8B15-4B4A-A239-DA0408BE797E} = {827E0CD3-B72D-47B6-A68D-7590B98EB39B}
		{8E49F3F7-8332-4884-8A11-9714946C4F9E} = {827E0CD3-B72D-47B6-A68D-7590B98EB39B}
		{2084DD75-D008-4DAC-912A-300EB0A8C146} = {0AB3BF05-4346-4AA6-1389-037BE0695223}
		{1632A7D3-876D-4934-848B-73B9DE95B037} = {0AB3BF05-4346-4AA6-1389-037BE0695223}
		{D1E078F4-4C75-41D4-A95A-163CBE6E6DE8} = {827E0CD3-B72D-47B6-A68D-7590B98EB39B}
	EndGlobalSection
EndGlobal
